
Microsoft Visual Studio Solution File, Format Version 12.00
# Visual Studio Version 17
VisualStudioVersion = 17.6.33723.286
MinimumVisualStudioVersion = 10.0.40219.1
Project("{FAE04EC0-301F-11D3-BF4B-00C04F79EFBC}") = "VantageAPI", "VantageAPI\VantageAPI.csproj", "{982B934C-9B07-4C75-9FAE-6ECA78BD146B}"
EndProject
Global
	GlobalSection(SolutionConfigurationPlatforms) = preSolution
		Debug|Any CPU = Debug|Any CPU
		Release|Any CPU = Release|Any CPU
	EndGlobalSection
	GlobalSection(ProjectConfigurationPlatforms) = postSolution
		{982B934C-9B07-4C75-9FAE-6ECA78BD146B}.Debug|Any CPU.ActiveCfg = Debug|Any CPU
		{982B934C-9B07-4C75-9FAE-6ECA78BD146B}.Debug|Any CPU.Build.0 = Debug|Any CPU
		{982B934C-9B07-4C75-9FAE-6ECA78BD146B}.Release|Any CPU.ActiveCfg = Release|Any CPU
		{982B934C-9B07-4C75-9FAE-6ECA78BD146B}.Release|Any CPU.Build.0 = Release|Any CPU
	EndGlobalSection
	GlobalSection(SolutionProperties) = preSolution
		HideSolutionNode = FALSE
	EndGlobalSection
	GlobalSection(ExtensibilityGlobals) = postSolution
		SolutionGuid = {566580D4-C212-4480-A5C4-4E81B4616993}
	EndGlobalSection
EndGlobal
